
Microsoft Visual Studio Solution File, Format Version 12.00
# Visual Studio Version 17
VisualStudioVersion = 17.2.32616.157
MinimumVisualStudioVersion = 10.0.40219.1
Project("{9A19103F-16F7-4668-BE54-9A1E7A4F7556}") = "Biklas_API_V2", "WebApplication1\Biklas_API_V2.csproj", "{9BF52915-D2E5-4200-B137-0CA47311EA66}"
EndProject
Global
	GlobalSection(SolutionConfigurationPlatforms) = preSolution
		Debug|Any CPU = Debug|Any CPU
		Release|Any CPU = Release|Any CPU
	EndGlobalSection
	GlobalSection(ProjectConfigurationPlatforms) = postSolution
		{9BF52915-D2E5-4200-B137-0CA47311EA66}.Debug|Any CPU.ActiveCfg = Debug|Any CPU
		{9BF52915-D2E5-4200-B137-0CA47311EA66}.Debug|Any CPU.Build.0 = Debug|Any CPU
		{9BF52915-D2E5-4200-B137-0CA47311EA66}.Release|Any CPU.ActiveCfg = Release|Any CPU
		{9BF52915-D2E5-4200-B137-0CA47311EA66}.Release|Any CPU.Build.0 = Release|Any CPU
	EndGlobalSection
	GlobalSection(SolutionProperties) = preSolution
		HideSolutionNode = FALSE
	EndGlobalSection
	GlobalSection(ExtensibilityGlobals) = postSolution
		SolutionGuid = {8552B4D0-FE01-46EE-A501-815D2E200C1D}
	EndGlobalSection
EndGlobal
