
Microsoft Visual Studio Solution File, Format Version 12.00
# Visual Studio Version 17
VisualStudioVersion = 17.2.32616.157
MinimumVisualStudioVersion = 10.0.40219.1
Project("{9A19103F-16F7-4668-BE54-9A1E7A4F7556}") = "Biklas_API_V2", "WebApplication1\Biklas_API_V2.csproj", "{9BF52915-D2E5-4200-B137-0CA47311EA66}"
EndProject
Project("{9A19103F-16F7-4668-BE54-9A1E7A4F7556}") = "BiklasAPIDTOs", "BiklasAPIDTOs\BiklasAPIDTOs.csproj", "{A6D850FF-F90D-42E6-B8AC-9EDCDFE45747}"
EndProject
Project("{9A19103F-16F7-4668-BE54-9A1E7A4F7556}") = "Itinero.IO.Osm", "Itinero.IO.Osm\Itinero.IO.Osm.csproj", "{D5E4A582-280E-4ABC-A3F8-4494F8FA8D70}"
EndProject
Project("{9A19103F-16F7-4668-BE54-9A1E7A4F7556}") = "Itinero", "Itinero\Itinero.csproj", "{CC910308-B7E4-4DBF-9734-326CB5ABAED5}"
EndProject
Project("{9A19103F-16F7-4668-BE54-9A1E7A4F7556}") = "Itinero.Geo", "Itinero.Geo\Itinero.Geo.csproj", "{BD8DEF03-6011-4D91-8828-A2F9A7E929D2}"
EndProject
Global
	GlobalSection(SolutionConfigurationPlatforms) = preSolution
		Debug|Any CPU = Debug|Any CPU
		Release|Any CPU = Release|Any CPU
	EndGlobalSection
	GlobalSection(ProjectConfigurationPlatforms) = postSolution
		{9BF52915-D2E5-4200-B137-0CA47311EA66}.Debug|Any CPU.ActiveCfg = Debug|Any CPU
		{9BF52915-D2E5-4200-B137-0CA47311EA66}.Debug|Any CPU.Build.0 = Debug|Any CPU
		{9BF52915-D2E5-4200-B137-0CA47311EA66}.Release|Any CPU.ActiveCfg = Release|Any CPU
		{9BF52915-D2E5-4200-B137-0CA47311EA66}.Release|Any CPU.Build.0 = Release|Any CPU
		{A6D850FF-F90D-42E6-B8AC-9EDCDFE45747}.Debug|Any CPU.ActiveCfg = Debug|Any CPU
		{A6D850FF-F90D-42E6-B8AC-9EDCDFE45747}.Debug|Any CPU.Build.0 = Debug|Any CPU
		{A6D850FF-F90D-42E6-B8AC-9EDCDFE45747}.Release|Any CPU.ActiveCfg = Release|Any CPU
		{A6D850FF-F90D-42E6-B8AC-9EDCDFE45747}.Release|Any CPU.Build.0 = Release|Any CPU
		{D5E4A582-280E-4ABC-A3F8-4494F8FA8D70}.Debug|Any CPU.ActiveCfg = Debug|Any CPU
		{D5E4A582-280E-4ABC-A3F8-4494F8FA8D70}.Debug|Any CPU.Build.0 = Debug|Any CPU
		{D5E4A582-280E-4ABC-A3F8-4494F8FA8D70}.Release|Any CPU.ActiveCfg = Release|Any CPU
		{D5E4A582-280E-4ABC-A3F8-4494F8FA8D70}.Release|Any CPU.Build.0 = Release|Any CPU
		{CC910308-B7E4-4DBF-9734-326CB5ABAED5}.Debug|Any CPU.ActiveCfg = Debug|Any CPU
		{CC910308-B7E4-4DBF-9734-326CB5ABAED5}.Debug|Any CPU.Build.0 = Debug|Any CPU
		{CC910308-B7E4-4DBF-9734-326CB5ABAED5}.Release|Any CPU.ActiveCfg = Release|Any CPU
		{CC910308-B7E4-4DBF-9734-326CB5ABAED5}.Release|Any CPU.Build.0 = Release|Any CPU
		{BD8DEF03-6011-4D91-8828-A2F9A7E929D2}.Debug|Any CPU.ActiveCfg = Debug|Any CPU
		{BD8DEF03-6011-4D91-8828-A2F9A7E929D2}.Debug|Any CPU.Build.0 = Debug|Any CPU
		{BD8DEF03-6011-4D91-8828-A2F9A7E929D2}.Release|Any CPU.ActiveCfg = Release|Any CPU
		{BD8DEF03-6011-4D91-8828-A2F9A7E929D2}.Release|Any CPU.Build.0 = Release|Any CPU
	EndGlobalSection
	GlobalSection(SolutionProperties) = preSolution
		HideSolutionNode = FALSE
	EndGlobalSection
	GlobalSection(ExtensibilityGlobals) = postSolution
		SolutionGuid = {8552B4D0-FE01-46EE-A501-815D2E200C1D}
	EndGlobalSection
EndGlobal
